PODS:
  - NYSKeyboardHelper (0.1.0)

DEPENDENCIES:
  - NYSKeyboardHelper (from `../`)

EXTERNAL SOURCES:
  NYSKeyboardHelper:
    :path: "../"

SPEC CHECKSUMS:
  NYSKeyboardHelper: 949b0cd874ed1a3ff422f31e574fcbe844bb8240

PODFILE CHECKSUM: c86053368526a80e40587e4b6a5bfb7a7ed17336

COCOAPODS: 1.5.3
